
Microsoft Visual Studio Solution File, Format Version 12.00
# Visual Studio Version 17
VisualStudioVersion = 17.0.31919.166
MinimumVisualStudioVersion = 10.0.40219.1
Project("{FAE04EC0-301F-11D3-BF4B-00C04F79EFBC}") = "Mottu", "Mottu\Mottu.csproj", "{8D796F29-37C7-40BC-A996-C2F8EB0CB76B}"
EndProject
Project("{FAE04EC0-301F-11D3-BF4B-00C04F79EFBC}") = "Domain", "Domain\Domain.csproj", "{C685CBDE-413F-490A-A62C-76DD1CF9956E}"
EndProject
Project("{FAE04EC0-301F-11D3-BF4B-00C04F79EFBC}") = "Infrastructure", "Infrastructure\Infrastructure.csproj", "{7A860462-3C21-4345-942C-CB6725DC69D7}"
EndProject
Global
	GlobalSection(SolutionConfigurationPlatforms) = preSolution
		Debug|Any CPU = Debug|Any CPU
		Release|Any CPU = Release|Any CPU
	EndGlobalSection
	GlobalSection(ProjectConfigurationPlatforms) = postSolution
		{8D796F29-37C7-40BC-A996-C2F8EB0CB76B}.Debug|Any CPU.ActiveCfg = Debug|Any CPU
		{8D796F29-37C7-40BC-A996-C2F8EB0CB76B}.Debug|Any CPU.Build.0 = Debug|Any CPU
		{8D796F29-37C7-40BC-A996-C2F8EB0CB76B}.Release|Any CPU.ActiveCfg = Release|Any CPU
		{8D796F29-37C7-40BC-A996-C2F8EB0CB76B}.Release|Any CPU.Build.0 = Release|Any CPU
		{C685CBDE-413F-490A-A62C-76DD1CF9956E}.Debug|Any CPU.ActiveCfg = Debug|Any CPU
		{C685CBDE-413F-490A-A62C-76DD1CF9956E}.Debug|Any CPU.Build.0 = Debug|Any CPU
		{C685CBDE-413F-490A-A62C-76DD1CF9956E}.Release|Any CPU.ActiveCfg = Release|Any CPU
		{C685CBDE-413F-490A-A62C-76DD1CF9956E}.Release|Any CPU.Build.0 = Release|Any CPU
		{7A860462-3C21-4345-942C-CB6725DC69D7}.Debug|Any CPU.ActiveCfg = Debug|Any CPU
		{7A860462-3C21-4345-942C-CB6725DC69D7}.Debug|Any CPU.Build.0 = Debug|Any CPU
		{7A860462-3C21-4345-942C-CB6725DC69D7}.Release|Any CPU.ActiveCfg = Release|Any CPU
		{7A860462-3C21-4345-942C-CB6725DC69D7}.Release|Any CPU.Build.0 = Release|Any CPU
	EndGlobalSection
	GlobalSection(SolutionProperties) = preSolution
		HideSolutionNode = FALSE
	EndGlobalSection
	GlobalSection(ExtensibilityGlobals) = postSolution
		SolutionGuid = {066A3F7C-ED69-4505-AF06-D8E00E074C55}
	EndGlobalSection
EndGlobal
